
Microsoft Visual Studio Solution File, Format Version 12.00
Project("{FAE04EC0-301F-11D3-BF4B-00C04F79EFBC}") = "WebApp", "WebApp\WebApp.csproj", "{D3972202-3BC5-45E7-B37C-FBD39B7B6BE1}"
EndProject
Project("{2150E333-8FDC-42A3-9474-1A3956D46DE8}") = "Solution Items", "Solution Items", "{007DC0B7-0D7B-4F82-B760-57A06A0F0C46}"
ProjectSection(SolutionItems) = preProject
	..\README.md = ..\README.md
	..\.gitignore = ..\.gitignore
	..\C#_Projekt_M_Palmeos.pdf = ..\C#_Projekt_M_Palmeos.pdf
EndProjectSection
EndProject
Project("{FAE04EC0-301F-11D3-BF4B-00C04F79EFBC}") = "Domain", "Domain\Domain.csproj", "{D70F8924-4797-4DFF-B893-6B736AF0F28D}"
EndProject
Project("{FAE04EC0-301F-11D3-BF4B-00C04F79EFBC}") = "Contracts.DAL.App", "Contracts.DAL.App\Contracts.DAL.App.csproj", "{62800440-33E8-40A2-8AC1-664AB5CDEC96}"
EndProject
Project("{FAE04EC0-301F-11D3-BF4B-00C04F79EFBC}") = "DAL.App.EF", "DAL.App.EF\DAL.App.EF.csproj", "{C0893ED6-B60A-4B3A-BDC0-565B73E80648}"
EndProject
Project("{FAE04EC0-301F-11D3-BF4B-00C04F79EFBC}") = "DAL.App.DTO", "DAL.App.DTO\DAL.App.DTO.csproj", "{135D5B38-4E80-47DA-8322-B5267BAD6AD3}"
EndProject
Project("{FAE04EC0-301F-11D3-BF4B-00C04F79EFBC}") = "Contracts.BLL.App", "Contracts.BLL.App\Contracts.BLL.App.csproj", "{6B2BB762-AFA0-40F6-A8B8-50414A3DADEC}"
EndProject
Project("{FAE04EC0-301F-11D3-BF4B-00C04F79EFBC}") = "BLL.App", "BLL.App\BLL.App.csproj", "{46DCCAC6-1575-43DA-BAF8-CC6040D0791E}"
EndProject
Project("{FAE04EC0-301F-11D3-BF4B-00C04F79EFBC}") = "BLL.App.DTO", "BLL.App.DTO\BLL.App.DTO.csproj", "{CA1B0DD9-49F1-4E64-B64F-1908021EB82A}"
EndProject
Project("{FAE04EC0-301F-11D3-BF4B-00C04F79EFBC}") = "PublicApi.v1", "PublicApi.v1\PublicApi.v1.csproj", "{40FCB7E2-1736-4AB1-B21A-39062DBF1708}"
EndProject
Project("{FAE04EC0-301F-11D3-BF4B-00C04F79EFBC}") = "PublicApi.v1.DTO", "PublicApi.v1.DTO\PublicApi.v1.DTO.csproj", "{D0627ADA-2241-4A76-AC87-492A7E1AB3CA}"
EndProject
Global
	GlobalSection(SolutionConfigurationPlatforms) = preSolution
		Debug|Any CPU = Debug|Any CPU
		Release|Any CPU = Release|Any CPU
	EndGlobalSection
	GlobalSection(ProjectConfigurationPlatforms) = postSolution
		{D3972202-3BC5-45E7-B37C-FBD39B7B6BE1}.Debug|Any CPU.ActiveCfg = Debug|Any CPU
		{D3972202-3BC5-45E7-B37C-FBD39B7B6BE1}.Debug|Any CPU.Build.0 = Debug|Any CPU
		{D3972202-3BC5-45E7-B37C-FBD39B7B6BE1}.Release|Any CPU.ActiveCfg = Release|Any CPU
		{D3972202-3BC5-45E7-B37C-FBD39B7B6BE1}.Release|Any CPU.Build.0 = Release|Any CPU
		{D70F8924-4797-4DFF-B893-6B736AF0F28D}.Debug|Any CPU.ActiveCfg = Debug|Any CPU
		{D70F8924-4797-4DFF-B893-6B736AF0F28D}.Debug|Any CPU.Build.0 = Debug|Any CPU
		{D70F8924-4797-4DFF-B893-6B736AF0F28D}.Release|Any CPU.ActiveCfg = Release|Any CPU
		{D70F8924-4797-4DFF-B893-6B736AF0F28D}.Release|Any CPU.Build.0 = Release|Any CPU
		{62800440-33E8-40A2-8AC1-664AB5CDEC96}.Debug|Any CPU.ActiveCfg = Debug|Any CPU
		{62800440-33E8-40A2-8AC1-664AB5CDEC96}.Debug|Any CPU.Build.0 = Debug|Any CPU
		{62800440-33E8-40A2-8AC1-664AB5CDEC96}.Release|Any CPU.ActiveCfg = Release|Any CPU
		{62800440-33E8-40A2-8AC1-664AB5CDEC96}.Release|Any CPU.Build.0 = Release|Any CPU
		{C0893ED6-B60A-4B3A-BDC0-565B73E80648}.Debug|Any CPU.ActiveCfg = Debug|Any CPU
		{C0893ED6-B60A-4B3A-BDC0-565B73E80648}.Debug|Any CPU.Build.0 = Debug|Any CPU
		{C0893ED6-B60A-4B3A-BDC0-565B73E80648}.Release|Any CPU.ActiveCfg = Release|Any CPU
		{C0893ED6-B60A-4B3A-BDC0-565B73E80648}.Release|Any CPU.Build.0 = Release|Any CPU
		{135D5B38-4E80-47DA-8322-B5267BAD6AD3}.Debug|Any CPU.ActiveCfg = Debug|Any CPU
		{135D5B38-4E80-47DA-8322-B5267BAD6AD3}.Debug|Any CPU.Build.0 = Debug|Any CPU
		{135D5B38-4E80-47DA-8322-B5267BAD6AD3}.Release|Any CPU.ActiveCfg = Release|Any CPU
		{135D5B38-4E80-47DA-8322-B5267BAD6AD3}.Release|Any CPU.Build.0 = Release|Any CPU
		{6B2BB762-AFA0-40F6-A8B8-50414A3DADEC}.Debug|Any CPU.ActiveCfg = Debug|Any CPU
		{6B2BB762-AFA0-40F6-A8B8-50414A3DADEC}.Debug|Any CPU.Build.0 = Debug|Any CPU
		{6B2BB762-AFA0-40F6-A8B8-50414A3DADEC}.Release|Any CPU.ActiveCfg = Release|Any CPU
		{6B2BB762-AFA0-40F6-A8B8-50414A3DADEC}.Release|Any CPU.Build.0 = Release|Any CPU
		{46DCCAC6-1575-43DA-BAF8-CC6040D0791E}.Debug|Any CPU.ActiveCfg = Debug|Any CPU
		{46DCCAC6-1575-43DA-BAF8-CC6040D0791E}.Debug|Any CPU.Build.0 = Debug|Any CPU
		{46DCCAC6-1575-43DA-BAF8-CC6040D0791E}.Release|Any CPU.ActiveCfg = Release|Any CPU
		{46DCCAC6-1575-43DA-BAF8-CC6040D0791E}.Release|Any CPU.Build.0 = Release|Any CPU
		{CA1B0DD9-49F1-4E64-B64F-1908021EB82A}.Debug|Any CPU.ActiveCfg = Debug|Any CPU
		{CA1B0DD9-49F1-4E64-B64F-1908021EB82A}.Debug|Any CPU.Build.0 = Debug|Any CPU
		{CA1B0DD9-49F1-4E64-B64F-1908021EB82A}.Release|Any CPU.ActiveCfg = Release|Any CPU
		{CA1B0DD9-49F1-4E64-B64F-1908021EB82A}.Release|Any CPU.Build.0 = Release|Any CPU
		{40FCB7E2-1736-4AB1-B21A-39062DBF1708}.Debug|Any CPU.ActiveCfg = Debug|Any CPU
		{40FCB7E2-1736-4AB1-B21A-39062DBF1708}.Debug|Any CPU.Build.0 = Debug|Any CPU
		{40FCB7E2-1736-4AB1-B21A-39062DBF1708}.Release|Any CPU.ActiveCfg = Release|Any CPU
		{40FCB7E2-1736-4AB1-B21A-39062DBF1708}.Release|Any CPU.Build.0 = Release|Any CPU
		{D0627ADA-2241-4A76-AC87-492A7E1AB3CA}.Debug|Any CPU.ActiveCfg = Debug|Any CPU
		{D0627ADA-2241-4A76-AC87-492A7E1AB3CA}.Debug|Any CPU.Build.0 = Debug|Any CPU
		{D0627ADA-2241-4A76-AC87-492A7E1AB3CA}.Release|Any CPU.ActiveCfg = Release|Any CPU
		{D0627ADA-2241-4A76-AC87-492A7E1AB3CA}.Release|Any CPU.Build.0 = Release|Any CPU
	EndGlobalSection
EndGlobal
